
Microsoft Visual Studio Solution File, Format Version 12.00
# Visual Studio Version 16
VisualStudioVersion = 16.0.31515.178
MinimumVisualStudioVersion = 10.0.40219.1
Project("{8BC9CEB8-8B4A-11D0-8D11-00A0C91BC942}") = "cpPong", "cpPong\cpPong.vcxproj", "{1D7E1F05-85E3-4C73-9239-E970CACD5914}"
EndProject
Global
	GlobalSection(SolutionConfigurationPlatforms) = preSolution
		Debug|x64 = Debug|x64
		Debug|x86 = Debug|x86
		Release|x64 = Release|x64
		Release|x86 = Release|x86
	EndGlobalSection
	GlobalSection(ProjectConfigurationPlatforms) = postSolution
		{1D7E1F05-85E3-4C73-9239-E970CACD5914}.Debug|x64.ActiveCfg = Debug|x64
		{1D7E1F05-85E3-4C73-9239-E970CACD5914}.Debug|x64.Build.0 = Debug|x64
		{1D7E1F05-85E3-4C73-9239-E970CACD5914}.Debug|x86.ActiveCfg = Debug|Win32
		{1D7E1F05-85E3-4C73-9239-E970CACD5914}.Debug|x86.Build.0 = Debug|Win32
		{1D7E1F05-85E3-4C73-9239-E970CACD5914}.Release|x64.ActiveCfg = Release|x64
		{1D7E1F05-85E3-4C73-9239-E970CACD5914}.Release|x64.Build.0 = Release|x64
		{1D7E1F05-85E3-4C73-9239-E970CACD5914}.Release|x86.ActiveCfg = Release|Win32
		{1D7E1F05-85E3-4C73-9239-E970CACD5914}.Release|x86.Build.0 = Release|Win32
	EndGlobalSection
	GlobalSection(SolutionProperties) = preSolution
		HideSolutionNode = FALSE
	EndGlobalSection
	GlobalSection(ExtensibilityGlobals) = postSolution
		SolutionGuid = {A482A2F7-F6B1-4BD3-98E0-82705921B358}
	EndGlobalSection
EndGlobal
